// !$*UTF8*$!
{
	archiveVersion = 1;
	classes = {
	};
	objectVersion = 56;
	objects = {

/* Begin PBXBuildFile section */
		3C6D59B6294EEB5F00AF98C0 /* running_pace_calculatorApp.swift in Sources */ = {isa = PBXBuildFile; fileRef = 3C6D59B5294EEB5F00AF98C0 /* running_pace_calculatorApp.swift */; };
		3C6D59B8294EEB5F00AF98C0 /* ContentView.swift in Sources */ = {isa = PBXBuildFile; fileRef = 3C6D59B7294EEB5F00AF98C0 /* ContentView.swift */; };
		3C6D59BA294EEB6000AF98C0 /* Assets.xcassets in Resources */ = {isa = PBXBuildFile; fileRef = 3C6D59B9294EEB6000AF98C0 /* Assets.xcassets */; };
		3C6D59BE294EEB6000AF98C0 /* Preview Assets.xcassets in Resources */ = {isa = PBXBuildFile; fileRef = 3C6D59BD294EEB6000AF98C0 /* Preview Assets.xcassets */; };
		3C6D59C8294EEB6000AF98C0 /* running_pace_calculatorTests.swift in Sources */ = {isa = PBXBuildFile; fileRef = 3C6D59C7294EEB6000AF98C0 /* running_pace_calculatorTests.swift */; };
		3C6D59D2294EEB6000AF98C0 /* running_pace_calculatorUITests.swift in Sources */ = {isa = PBXBuildFile; fileRef = 3C6D59D1294EEB6000AF98C0 /* running_pace_calculatorUITests.swift */; };
		3C6D59D4294EEB6000AF98C0 /* running_pace_calculatorUITestsLaunchTests.swift in Sources */ = {isa = PBXBuildFile; fileRef = 3C6D59D3294EEB6000AF98C0 /* running_pace_calculatorUITestsLaunchTests.swift */; };
/* End PBXBuildFile section */

/* Begin PBXBuildRule section */
		3C5E2666294F83DB004FF508 /* PBXBuildRule */ = {
			isa = PBXBuildRule;
			compilerSpec = com.apple.compilers.proxy.script;
			fileType = pattern.proxy;
			inputFiles = (
			);
			isEditable = 1;
			outputFiles = (
			);
			script = "# Type a script or drag a script file from your workspace to insert its path.\n";
		};
/* End PBXBuildRule section */

/* Begin PBXContainerItemProxy section */
		3C6D59C4294EEB6000AF98C0 /* PBXContainerItemProxy */ = {
			isa = PBXContainerItemProxy;
			containerPortal = 3C6D59AA294EEB5F00AF98C0 /* Project object */;
			proxyType = 1;
			remoteGlobalIDString = 3C6D59B1294EEB5F00AF98C0;
			remoteInfo = "running pace calculator";
		};
		3C6D59CE294EEB6000AF98C0 /* PBXContainerItemProxy */ = {
			isa = PBXContainerItemProxy;
			containerPortal = 3C6D59AA294EEB5F00AF98C0 /* Project object */;
			proxyType = 1;
			remoteGlobalIDString = 3C6D59B1294EEB5F00AF98C0;
			remoteInfo = "running pace calculator";
		};
/* End PBXContainerItemProxy section */

/* Begin PBXFileReference section */
		3C6D59B2294EEB5F00AF98C0 /* running pace calculator.app */ = {isa = PBXFileReference; explicitFileType = wrapper.application; includeInIndex = 0; path = "running pace calculator.app"; sourceTree = BUILT_PRODUCTS_DIR; };
		3C6D59B5294EEB5F00AF98C0 /* running_pace_calculatorApp.swift */ = {isa = PBXFileReference; lastKnownFileType = sourcecode.swift; path = running_pace_calculatorApp.swift; sourceTree = "<group>"; };
		3C6D59B7294EEB5F00AF98C0 /* ContentView.swift */ = {isa = PBXFileReference; lastKnownFileType = sourcecode.swift; path = ContentView.swift; sourceTree = "<group>"; };
		3C6D59B9294EEB6000AF98C0 /* Assets.xcassets */ = {isa = PBXFileReference; lastKnownFileType = folder.assetcatalog; path = Assets.xcassets; sourceTree = "<group>"; };
		3C6D59BB294EEB6000AF98C0 /* running_pace_calculator.entitlements */ = {isa = PBXFileReference; lastKnownFileType = text.plist.entitlements; path = running_pace_calculator.entitlements; sourceTree = "<group>"; };
		3C6D59BD294EEB6000AF98C0 /* Preview Assets.xcassets */ = {isa = PBXFileReference; lastKnownFileType = folder.assetcatalog; path = "Preview Assets.xcassets"; sourceTree = "<group>"; };
		3C6D59C3294EEB6000AF98C0 /* running pace calculatorTests.xctest */ = {isa = PBXFileReference; explicitFileType = wrapper.cfbundle; includeInIndex = 0; path = "running pace calculatorTests.xctest"; sourceTree = BUILT_PRODUCTS_DIR; };
		3C6D59C7294EEB6000AF98C0 /* running_pace_calculatorTests.swift */ = {isa = PBXFileReference; lastKnownFileType = sourcecode.swift; path = running_pace_calculatorTests.swift; sourceTree = "<group>"; };
		3C6D59CD294EEB6000AF98C0 /* running pace calculatorUITests.xctest */ = {isa = PBXFileReference; explicitFileType = wrapper.cfbundle; includeInIndex = 0; path = "running pace calculatorUITests.xctest"; sourceTree = BUILT_PRODUCTS_DIR; };
		3C6D59D1294EEB6000AF98C0 /* running_pace_calculatorUITests.swift */ = {isa = PBXFileReference; lastKnownFileType = sourcecode.swift; path = running_pace_calculatorUITests.swift; sourceTree = "<group>"; };
		3C6D59D3294EEB6000AF98C0 /* running_pace_calculatorUITestsLaunchTests.swift */ = {isa = PBXFileReference; lastKnownFileType = sourcecode.swift; path = running_pace_calculatorUITestsLaunchTests.swift; sourceTree = "<group>"; };
/* End PBXFileReference section */

/* Begin PBXFrameworksBuildPhase section */
		3C6D59AF294EEB5F00AF98C0 /* Frameworks */ = {
			isa = PBXFrameworksBuildPhase;
			buildActionMask = 2147483647;
			files = (
			);
			runOnlyForDeploymentPostprocessing = 0;
		};
		3C6D59C0294EEB6000AF98C0 /* Frameworks */ = {
			isa = PBXFrameworksBuildPhase;
			buildActionMask = 2147483647;
			files = (
			);
			runOnlyForDeploymentPostprocessing = 0;
		};
		3C6D59CA294EEB6000AF98C0 /* Frameworks */ = {
			isa = PBXFrameworksBuildPhase;
			buildActionMask = 2147483647;
			files = (
			);
			runOnlyForDeploymentPostprocessing = 0;
		};
/* End PBXFrameworksBuildPhase section */

/* Begin PBXGroup section */
		3C6D59A9294EEB5F00AF98C0 = {
			isa = PBXGroup;
			children = (
				3C6D59B4294EEB5F00AF98C0 /* running pace calculator */,
				3C6D59C6294EEB6000AF98C0 /* running pace calculatorTests */,
				3C6D59D0294EEB6000AF98C0 /* running pace calculatorUITests */,
				3C6D59B3294EEB5F00AF98C0 /* Products */,
			);
			sourceTree = "<group>";
		};
		3C6D59B3294EEB5F00AF98C0 /* Products */ = {
			isa = PBXGroup;
			children = (
				3C6D59B2294EEB5F00AF98C0 /* running pace calculator.app */,
				3C6D59C3294EEB6000AF98C0 /* running pace calculatorTests.xctest */,
				3C6D59CD294EEB6000AF98C0 /* running pace calculatorUITests.xctest */,
			);
			name = Products;
			sourceTree = "<group>";
		};
		3C6D59B4294EEB5F00AF98C0 /* running pace calculator */ = {
			isa = PBXGroup;
			children = (
				3C6D59B5294EEB5F00AF98C0 /* running_pace_calculatorApp.swift */,
				3C6D59B7294EEB5F00AF98C0 /* ContentView.swift */,
				3C6D59B9294EEB6000AF98C0 /* Assets.xcassets */,
				3C6D59BB294EEB6000AF98C0 /* running_pace_calculator.entitlements */,
				3C6D59BC294EEB6000AF98C0 /* Preview Content */,
			);
			path = "running pace calculator";
			sourceTree = "<group>";
		};
		3C6D59BC294EEB6000AF98C0 /* Preview Content */ = {
			isa = PBXGroup;
			children = (
				3C6D59BD294EEB6000AF98C0 /* Preview Assets.xcassets */,
			);
			path = "Preview Content";
			sourceTree = "<group>";
		};
		3C6D59C6294EEB6000AF98C0 /* running pace calculatorTests */ = {
			isa = PBXGroup;
			children = (
				3C6D59C7294EEB6000AF98C0 /* running_pace_calculatorTests.swift */,
			);
			path = "running pace calculatorTests";
			sourceTree = "<group>";
		};
		3C6D59D0294EEB6000AF98C0 /* running pace calculatorUITests */ = {
			isa = PBXGroup;
			children = (
				3C6D59D1294EEB6000AF98C0 /* running_pace_calculatorUITests.swift */,
				3C6D59D3294EEB6000AF98C0 /* running_pace_calculatorUITestsLaunchTests.swift */,
			);
			path = "running pace calculatorUITests";
			sourceTree = "<group>";
		};
/* End PBXGroup section */

/* Begin PBXNativeTarget section */
		3C6D59B1294EEB5F00AF98C0 /* running pace calculator */ = {
			isa = PBXNativeTarget;
			buildConfigurationList = 3C6D59D7294EEB6000AF98C0 /* Build configuration list for PBXNativeTarget "running pace calculator" */;
			buildPhases = (
				3C6D59AE294EEB5F00AF98C0 /* Sources */,
				3C6D59AF294EEB5F00AF98C0 /* Frameworks */,
				3C6D59B0294EEB5F00AF98C0 /* Resources */,
			);
			buildRules = (
				3C5E2666294F83DB004FF508 /* PBXBuildRule */,
			);
			dependencies = (
			);
			name = "running pace calculator";
			productName = "running pace calculator";
			productReference = 3C6D59B2294EEB5F00AF98C0 /* running pace calculator.app */;
			productType = "com.apple.product-type.application";
		};
		3C6D59C2294EEB6000AF98C0 /* running pace calculatorTests */ = {
			isa = PBXNativeTarget;
			buildConfigurationList = 3C6D59DA294EEB6000AF98C0 /* Build configuration list for PBXNativeTarget "running pace calculatorTests" */;
			buildPhases = (
				3C6D59BF294EEB6000AF98C0 /* Sources */,
				3C6D59C0294EEB6000AF98C0 /* Frameworks */,
				3C6D59C1294EEB6000AF98C0 /* Resources */,
			);
			buildRules = (
			);
			dependencies = (
				3C6D59C5294EEB6000AF98C0 /* PBXTargetDependency */,
			);
			name = "running pace calculatorTests";
			productName = "running pace calculatorTests";
			productReference = 3C6D59C3294EEB6000AF98C0 /* running pace calculatorTests.xctest */;
			productType = "com.apple.product-type.bundle.unit-test";
		};
		3C6D59CC294EEB6000AF98C0 /* running pace calculatorUITests */ = {
			isa = PBXNativeTarget;
			buildConfigurationList = 3C6D59DD294EEB6000AF98C0 /* Build configuration list for PBXNativeTarget "running pace calculatorUITests" */;
			buildPhases = (
				3C6D59C9294EEB6000AF98C0 /* Sources */,
				3C6D59CA294EEB6000AF98C0 /* Frameworks */,
				3C6D59CB294EEB6000AF98C0 /* Resources */,
			);
			buildRules = (
			);
			dependencies = (
				3C6D59CF294EEB6000AF98C0 /* PBXTargetDependency */,
			);
			name = "running pace calculatorUITests";
			productName = "running pace calculatorUITests";
			productReference = 3C6D59CD294EEB6000AF98C0 /* running pace calculatorUITests.xctest */;
			productType = "com.apple.product-type.bundle.ui-testing";
		};
/* End PBXNativeTarget section */

/* Begin PBXProject section */
		3C6D59AA294EEB5F00AF98C0 /* Project object */ = {
			isa = PBXProject;
			attributes = {
				BuildIndependentTargetsInParallel = 1;
				LastSwiftUpdateCheck = 1420;
				LastUpgradeCheck = 1420;
				TargetAttributes = {
					3C6D59B1294EEB5F00AF98C0 = {
						CreatedOnToolsVersion = 14.2;
					};
					3C6D59C2294EEB6000AF98C0 = {
						CreatedOnToolsVersion = 14.2;
						TestTargetID = 3C6D59B1294EEB5F00AF98C0;
					};
					3C6D59CC294EEB6000AF98C0 = {
						CreatedOnToolsVersion = 14.2;
						TestTargetID = 3C6D59B1294EEB5F00AF98C0;
					};
				};
			};
			buildConfigurationList = 3C6D59AD294EEB5F00AF98C0 /* Build configuration list for PBXProject "running pace calculator" */;
			compatibilityVersion = "Xcode 14.0";
			developmentRegion = en;
			hasScannedForEncodings = 0;
			knownRegions = (
				en,
				Base,
			);
			mainGroup = 3C6D59A9294EEB5F00AF98C0;
			productRefGroup = 3C6D59B3294EEB5F00AF98C0 /* Products */;
			projectDirPath = "";
			projectRoot = "";
			targets = (
				3C6D59B1294EEB5F00AF98C0 /* running pace calculator */,
				3C6D59C2294EEB6000AF98C0 /* running pace calculatorTests */,
				3C6D59CC294EEB6000AF98C0 /* running pace calculatorUITests */,
			);
		};
/* End PBXProject section */

/* Begin PBXResourcesBuildPhase section */
		3C6D59B0294EEB5F00AF98C0 /* Resources */ = {
			isa = PBXResourcesBuildPhase;
			buildActionMask = 2147483647;
			files = (
				3C6D59BE294EEB6000AF98C0 /* Preview Assets.xcassets in Resources */,
				3C6D59BA294EEB6000AF98C0 /* Assets.xcassets in Resources */,
			);
			runOnlyForDeploymentPostprocessing = 0;
		};
		3C6D59C1294EEB6000AF98C0 /* Resources */ = {
			isa = PBXResourcesBuildPhase;
			buildActionMask = 2147483647;
			files = (
			);
			runOnlyForDeploymentPostprocessing = 0;
		};
		3C6D59CB294EEB6000AF98C0 /* Resources */ = {
			isa = PBXResourcesBuildPhase;
			buildActionMask = 2147483647;
			files = (
			);
			runOnlyForDeploymentPostprocessing = 0;
		};
/* End PBXResourcesBuildPhase section */

/* Begin PBXSourcesBuildPhase section */
		3C6D59AE294EEB5F00AF98C0 /* Sources */ = {
			isa = PBXSourcesBuildPhase;
			buildActionMask = 2147483647;
			files = (
				3C6D59B8294EEB5F00AF98C0 /* ContentView.swift in Sources */,
				3C6D59B6294EEB5F00AF98C0 /* running_pace_calculatorApp.swift in Sources */,
			);
			runOnlyForDeploymentPostprocessing = 0;
		};
		3C6D59BF294EEB6000AF98C0 /* Sources */ = {
			isa = PBXSourcesBuildPhase;
			buildActionMask = 2147483647;
			files = (
				3C6D59C8294EEB6000AF98C0 /* running_pace_calculatorTests.swift in Sources */,
			);
			runOnlyForDeploymentPostprocessing = 0;
		};
		3C6D59C9294EEB6000AF98C0 /* Sources */ = {
			isa = PBXSourcesBuildPhase;
			buildActionMask = 2147483647;
			files = (
				3C6D59D2294EEB6000AF98C0 /* running_pace_calculatorUITests.swift in Sources */,
				3C6D59D4294EEB6000AF98C0 /* running_pace_calculatorUITestsLaunchTests.swift in Sources */,
			);
			runOnlyForDeploymentPostprocessing = 0;
		};
/* End PBXSourcesBuildPhase section */

/* Begin PBXTargetDependency section */
		3C6D59C5294EEB6000AF98C0 /* PBXTargetDependency */ = {
			isa = PBXTargetDependency;
			target = 3C6D59B1294EEB5F00AF98C0 /* running pace calculator */;
			targetProxy = 3C6D59C4294EEB6000AF98C0 /* PBXContainerItemProxy */;
		};
		3C6D59CF294EEB6000AF98C0 /* PBXTargetDependency */ = {
			isa = PBXTargetDependency;
			target = 3C6D59B1294EEB5F00AF98C0 /* running pace calculator */;
			targetProxy = 3C6D59CE294EEB6000AF98C0 /* PBXContainerItemProxy */;
		};
/* End PBXTargetDependency section */

/* Begin XCBuildConfiguration section */
		3C6D59D5294EEB6000AF98C0 /* Debug */ = {
			isa = XCBuildConfiguration;
			buildSettings = {
				ALWAYS_SEARCH_USER_PATHS = NO;
				CLANG_ANALYZER_NONNULL = YES;
				CLANG_ANALYZER_NUMBER_OBJECT_CONVERSION = YES_AGGRESSIVE;
				CLANG_CXX_LANGUAGE_STANDARD = "gnu++20";
				CLANG_ENABLE_MODULES = YES;
				CLANG_ENABLE_OBJC_ARC = YES;
				CLANG_ENABLE_OBJC_WEAK = YES;
				CLANG_WARN_BLOCK_CAPTURE_AUTORELEASING = YES;
				CLANG_WARN_BOOL_CONVERSION = YES;
				CLANG_WARN_COMMA = YES;
				CLANG_WARN_CONSTANT_CONVERSION = YES;
				CLANG_WARN_DEPRECATED_OBJC_IMPLEMENTATIONS = YES;
				CLANG_WARN_DIRECT_OBJC_ISA_USAGE = YES_ERROR;
				CLANG_WARN_DOCUMENTATION_COMMENTS = YES;
				CLANG_WARN_EMPTY_BODY = YES;
				CLANG_WARN_ENUM_CONVERSION = YES;
				CLANG_WARN_INFINITE_RECURSION = YES;
				CLANG_WARN_INT_CONVERSION = YES;
				CLANG_WARN_NON_LITERAL_NULL_CONVERSION = YES;
				CLANG_WARN_OBJC_IMPLICIT_RETAIN_SELF = YES;
				CLANG_WARN_OBJC_LITERAL_CONVERSION = YES;
				CLANG_WARN_OBJC_ROOT_CLASS = YES_ERROR;
				CLANG_WARN_QUOTED_INCLUDE_IN_FRAMEWORK_HEADER = YES;
				CLANG_WARN_RANGE_LOOP_ANALYSIS = YES;
				CLANG_WARN_STRICT_PROTOTYPES = YES;
				CLANG_WARN_SUSPICIOUS_MOVE = YES;
				CLANG_WARN_UNGUARDED_AVAILABILITY = YES_AGGRESSIVE;
				CLANG_WARN_UNREACHABLE_CODE = YES;
				CLANG_WARN__DUPLICATE_METHOD_MATCH = YES;
				COPY_PHASE_STRIP = NO;
				DEBUG_INFORMATION_FORMAT = dwarf;
				ENABLE_STRICT_OBJC_MSGSEND = YES;
				ENABLE_TESTABILITY = YES;
				GCC_C_LANGUAGE_STANDARD = gnu11;
				GCC_DYNAMIC_NO_PIC = NO;
				GCC_NO_COMMON_BLOCKS = YES;
				GCC_OPTIMIZATION_LEVEL = 0;
				GCC_PREPROCESSOR_DEFINITIONS = (
					"DEBUG=1",
					"$(inherited)",
				);
				GCC_WARN_64_TO_32_BIT_CONVERSION = YES;
				GCC_WARN_ABOUT_RETURN_TYPE = YES_ERROR;
				GCC_WARN_UNDECLARED_SELECTOR = YES;
				GCC_WARN_UNINITIALIZED_AUTOS = YES_AGGRESSIVE;
				GCC_WARN_UNUSED_FUNCTION = YES;
				GCC_WARN_UNUSED_VARIABLE = YES;
				MTL_ENABLE_DEBUG_INFO = INCLUDE_SOURCE;
				MTL_FAST_MATH = YES;
				ONLY_ACTIVE_ARCH = YES;
				SWIFT_ACTIVE_COMPILATION_CONDITIONS = DEBUG;
				SWIFT_OPTIMIZATION_LEVEL = "-Onone";
			};
			name = Debug;
		};
		3C6D59D6294EEB6000AF98C0 /* Release */ = {
			isa = XCBuildConfiguration;
			buildSettings = {
				ALWAYS_SEARCH_USER_PATHS = NO;
				CLANG_ANALYZER_NONNULL = YES;
				CLANG_ANALYZER_NUMBER_OBJECT_CONVERSION = YES_AGGRESSIVE;
				CLANG_CXX_LANGUAGE_STANDARD = "gnu++20";
				CLANG_ENABLE_MODULES = YES;
				CLANG_ENABLE_OBJC_ARC = YES;
				CLANG_ENABLE_OBJC_WEAK = YES;
				CLANG_WARN_BLOCK_CAPTURE_AUTORELEASING = YES;
				CLANG_WARN_BOOL_CONVERSION = YES;
				CLANG_WARN_COMMA = YES;
				CLANG_WARN_CONSTANT_CONVERSION = YES;
				CLANG_WARN_DEPRECATED_OBJC_IMPLEMENTATIONS = YES;
				CLANG_WARN_DIRECT_OBJC_ISA_USAGE = YES_ERROR;
				CLANG_WARN_DOCUMENTATION_COMMENTS = YES;
				CLANG_WARN_EMPTY_BODY = YES;
				CLANG_WARN_ENUM_CONVERSION = YES;
				CLANG_WARN_INFINITE_RECURSION = YES;
				CLANG_WARN_INT_CONVERSION = YES;
				CLANG_WARN_NON_LITERAL_NULL_CONVERSION = YES;
				CLANG_WARN_OBJC_IMPLICIT_RETAIN_SELF = YES;
				CLANG_WARN_OBJC_LITERAL_CONVERSION = YES;
				CLANG_WARN_OBJC_ROOT_CLASS = YES_ERROR;
				CLANG_WARN_QUOTED_INCLUDE_IN_FRAMEWORK_HEADER = YES;
				CLANG_WARN_RANGE_LOOP_ANALYSIS = YES;
				CLANG_WARN_STRICT_PROTOTYPES = YES;
				CLANG_WARN_SUSPICIOUS_MOVE = YES;
				CLANG_WARN_UNGUARDED_AVAILABILITY = YES_AGGRESSIVE;
				CLANG_WARN_UNREACHABLE_CODE = YES;
				CLANG_WARN__DUPLICATE_METHOD_MATCH = YES;
				COPY_PHASE_STRIP = NO;
				DEBUG_INFORMATION_FORMAT = "dwarf-with-dsym";
				ENABLE_NS_ASSERTIONS = NO;
				ENABLE_STRICT_OBJC_MSGSEND = YES;
				GCC_C_LANGUAGE_STANDARD = gnu11;
				GCC_NO_COMMON_BLOCKS = YES;
				GCC_WARN_64_TO_32_BIT_CONVERSION = YES;
				GCC_WARN_ABOUT_RETURN_TYPE = YES_ERROR;
				GCC_WARN_UNDECLARED_SELECTOR = YES;
				GCC_WARN_UNINITIALIZED_AUTOS = YES_AGGRESSIVE;
				GCC_WARN_UNUSED_FUNCTION = YES;
				GCC_WARN_UNUSED_VARIABLE = YES;
				MTL_ENABLE_DEBUG_INFO = NO;
				MTL_FAST_MATH = YES;
				SWIFT_COMPILATION_MODE = wholemodule;
				SWIFT_OPTIMIZATION_LEVEL = "-O";
			};
			name = Release;
		};
		3C6D59D8294EEB6000AF98C0 /* Debug */ = {
			isa = XCBuildConfiguration;
			buildSettings = {
				ASSETCATALOG_COMPILER_APPICON_NAME = AppIcon;
				ASSETCATALOG_COMPILER_GLOBAL_ACCENT_COLOR_NAME = AccentColor;
				CODE_SIGN_ENTITLEMENTS = "running pace calculator/running_pace_calculator.entitlements";
				CODE_SIGN_STYLE = Automatic;
				CURRENT_PROJECT_VERSION = 1;
				DEVELOPMENT_ASSET_PATHS = "\"running pace calculator/Preview Content\"";
				DEVELOPMENT_TEAM = R2GBPSYW65;
				ENABLE_PREVIEWS = YES;
				GENERATE_INFOPLIST_FILE = YES;
				INFOPLIST_KEY_LSApplicationCategoryType = "public.app-category.utilities";
				"INFOPLIST_KEY_UIApplicationSceneManifest_Generation[sdk=iphoneos*]" = YES;
				"INFOPLIST_KEY_UIApplicationSceneManifest_Generation[sdk=iphonesimulator*]" = YES;
				"INFOPLIST_KEY_UIApplicationSupportsIndirectInputEvents[sdk=iphoneos*]" = YES;
				"INFOPLIST_KEY_UIApplicationSupportsIndirectInputEvents[sdk=iphonesimulator*]" = YES;
				"INFOPLIST_KEY_UILaunchScreen_Generation[sdk=iphoneos*]" = YES;
				"INFOPLIST_KEY_UILaunchScreen_Generation[sdk=iphonesimulator*]" = YES;
				"INFOPLIST_KEY_UIStatusBarStyle[sdk=iphoneos*]" = UIStatusBarStyleDefault;
				"INFOPLIST_KEY_UIStatusBarStyle[sdk=iphonesimulator*]" = UIStatusBarStyleDefault;
				INFOPLIST_KEY_UISupportedInterfaceOrientations_iPad = "UIInterfaceOrientationPortrait UIInterfaceOrientationPortraitUpsideDown UIInterfaceOrientationLandscapeLeft UIInterfaceOrientationLandscapeRight";
				INFOPLIST_KEY_UISupportedInterfaceOrientations_iPhone = "UIInterfaceOrientationPortrait UIInterfaceOrientationLandscapeLeft UIInterfaceOrientationLandscapeRight";
				IPHONEOS_DEPLOYMENT_TARGET = 16.2;
				LD_RUNPATH_SEARCH_PATHS = "@executable_path/Frameworks";
				"LD_RUNPATH_SEARCH_PATHS[sdk=macosx*]" = "@executable_path/../Frameworks";
				MACOSX_DEPLOYMENT_TARGET = 13.0;
				MARKETING_VERSION = 1.0;
				PRODUCT_BUNDLE_IDENTIFIER = "Colin-FitzGerald.running-pace-calculator";
				PRODUCT_NAME = "$(TARGET_NAME)";
				SDKROOT = auto;
				SUPPORTED_PLATFORMS = "iphoneos iphonesimulator macosx";
				SWIFT_EMIT_LOC_STRINGS = YES;
				SWIFT_VERSION = 5.0;
				TARGETED_DEVICE_FAMILY = "1,2";
			};
			name = Debug;
		};
		3C6D59D9294EEB6000AF98C0 /* Release */ = {
			isa = XCBuildConfiguration;
			buildSettings = {
				ASSETCATALOG_COMPILER_APPICON_NAME = AppIcon;
				ASSETCATALOG_COMPILER_GLOBAL_ACCENT_COLOR_NAME = AccentColor;
				CODE_SIGN_ENTITLEMENTS = "running pace calculator/running_pace_calculator.entitlements";
				CODE_SIGN_STYLE = Automatic;
				CURRENT_PROJECT_VERSION = 1;
				DEVELOPMENT_ASSET_PATHS = "\"running pace calculator/Preview Content\"";
				DEVELOPMENT_TEAM = R2GBPSYW65;
				ENABLE_PREVIEWS = YES;
				GENERATE_INFOPLIST_FILE = YES;
				INFOPLIST_KEY_LSApplicationCategoryType = "public.app-category.utilities";
				"INFOPLIST_KEY_UIApplicationSceneManifest_Generation[sdk=iphoneos*]" = YES;
				"INFOPLIST_KEY_UIApplicationSceneManifest_Generation[sdk=iphonesimulator*]" = YES;
				"INFOPLIST_KEY_UIApplicationSupportsIndirectInputEvents[sdk=iphoneos*]" = YES;
				"INFOPLIST_KEY_UIApplicationSupportsIndirectInputEvents[sdk=iphonesimulator*]" = YES;
				"INFOPLIST_KEY_UILaunchScreen_Generation[sdk=iphoneos*]" = YES;
				"INFOPLIST_KEY_UILaunchScreen_Generation[sdk=iphonesimulator*]" = YES;
				"INFOPLIST_KEY_UIStatusBarStyle[sdk=iphoneos*]" = UIStatusBarStyleDefault;
				"INFOPLIST_KEY_UIStatusBarStyle[sdk=iphonesimulator*]" = UIStatusBarStyleDefault;
				INFOPLIST_KEY_UISupportedInterfaceOrientations_iPad = "UIInterfaceOrientationPortrait UIInterfaceOrientationPortraitUpsideDown UIInterfaceOrientationLandscapeLeft UIInterfaceOrientationLandscapeRight";
				INFOPLIST_KEY_UISupportedInterfaceOrientations_iPhone = "UIInterfaceOrientationPortrait UIInterfaceOrientationLandscapeLeft UIInterfaceOrientationLandscapeRight";
				IPHONEOS_DEPLOYMENT_TARGET = 16.2;
				LD_RUNPATH_SEARCH_PATHS = "@executable_path/Frameworks";
				"LD_RUNPATH_SEARCH_PATHS[sdk=macosx*]" = "@executable_path/../Frameworks";
				MACOSX_DEPLOYMENT_TARGET = 13.0;
				MARKETING_VERSION = 1.0;
				PRODUCT_BUNDLE_IDENTIFIER = "Colin-FitzGerald.running-pace-calculator";
				PRODUCT_NAME = "$(TARGET_NAME)";
				SDKROOT = auto;
				SUPPORTED_PLATFORMS = "iphoneos iphonesimulator macosx";
				SWIFT_EMIT_LOC_STRINGS = YES;
				SWIFT_VERSION = 5.0;
				TARGETED_DEVICE_FAMILY = "1,2";
			};
			name = Release;
		};
		3C6D59DB294EEB6000AF98C0 /* Debug */ = {
			isa = XCBuildConfiguration;
			buildSettings = {
				ALWAYS_EMBED_SWIFT_STANDARD_LIBRARIES = YES;
				BUNDLE_LOADER = "$(TEST_HOST)";
				CODE_SIGN_STYLE = Automatic;
				CURRENT_PROJECT_VERSION = 1;
				GENERATE_INFOPLIST_FILE = YES;
				IPHONEOS_DEPLOYMENT_TARGET = 16.2;
				MACOSX_DEPLOYMENT_TARGET = 13.0;
				MARKETING_VERSION = 1.0;
				PRODUCT_BUNDLE_IDENTIFIER = "Colin-FitzGerald.running-pace-calculatorTests";
				PRODUCT_NAME = "$(TARGET_NAME)";
				SDKROOT = auto;
				SUPPORTED_PLATFORMS = "iphoneos iphonesimulator macosx";
				SWIFT_EMIT_LOC_STRINGS = NO;
				SWIFT_VERSION = 5.0;
				TARGETED_DEVICE_FAMILY = "1,2";
				TEST_HOST = "$(BUILT_PRODUCTS_DIR)/running pace calculator.app/$(BUNDLE_EXECUTABLE_FOLDER_PATH)/running pace calculator";
			};
			name = Debug;
		};
		3C6D59DC294EEB6000AF98C0 /* Release */ = {
			isa = XCBuildConfiguration;
			buildSettings = {
				ALWAYS_EMBED_SWIFT_STANDARD_LIBRARIES = YES;
				BUNDLE_LOADER = "$(TEST_HOST)";
				CODE_SIGN_STYLE = Automatic;
				CURRENT_PROJECT_VERSION = 1;
				GENERATE_INFOPLIST_FILE = YES;
				IPHONEOS_DEPLOYMENT_TARGET = 16.2;
				MACOSX_DEPLOYMENT_TARGET = 13.0;
				MARKETING_VERSION = 1.0;
				PRODUCT_BUNDLE_IDENTIFIER = "Colin-FitzGerald.running-pace-calculatorTests";
				PRODUCT_NAME = "$(TARGET_NAME)";
				SDKROOT = auto;
				SUPPORTED_PLATFORMS = "iphoneos iphonesimulator macosx";
				SWIFT_EMIT_LOC_STRINGS = NO;
				SWIFT_VERSION = 5.0;
				TARGETED_DEVICE_FAMILY = "1,2";
				TEST_HOST = "$(BUILT_PRODUCTS_DIR)/running pace calculator.app/$(BUNDLE_EXECUTABLE_FOLDER_PATH)/running pace calculator";
			};
			name = Release;
		};
		3C6D59DE294EEB6000AF98C0 /* Debug */ = {
			isa = XCBuildConfiguration;
			buildSettings = {
				ALWAYS_EMBED_SWIFT_STANDARD_LIBRARIES = YES;
				CODE_SIGN_STYLE = Automatic;
				CURRENT_PROJECT_VERSION = 1;
				GENERATE_INFOPLIST_FILE = YES;
				IPHONEOS_DEPLOYMENT_TARGET = 16.2;
				MACOSX_DEPLOYMENT_TARGET = 13.0;
				MARKETING_VERSION = 1.0;
				PRODUCT_BUNDLE_IDENTIFIER = "Colin-FitzGerald.running-pace-calculatorUITests";
				PRODUCT_NAME = "$(TARGET_NAME)";
				SDKROOT = auto;
				SUPPORTED_PLATFORMS = "iphoneos iphonesimulator macosx";
				SWIFT_EMIT_LOC_STRINGS = NO;
				SWIFT_VERSION = 5.0;
				TARGETED_DEVICE_FAMILY = "1,2";
				TEST_TARGET_NAME = "running pace calculator";
			};
			name = Debug;
		};
		3C6D59DF294EEB6000AF98C0 /* Release */ = {
			isa = XCBuildConfiguration;
			buildSettings = {
				ALWAYS_EMBED_SWIFT_STANDARD_LIBRARIES = YES;
				CODE_SIGN_STYLE = Automatic;
				CURRENT_PROJECT_VERSION = 1;
				GENERATE_INFOPLIST_FILE = YES;
				IPHONEOS_DEPLOYMENT_TARGET = 16.2;
				MACOSX_DEPLOYMENT_TARGET = 13.0;
				MARKETING_VERSION = 1.0;
				PRODUCT_BUNDLE_IDENTIFIER = "Colin-FitzGerald.running-pace-calculatorUITests";
				PRODUCT_NAME = "$(TARGET_NAME)";
				SDKROOT = auto;
				SUPPORTED_PLATFORMS = "iphoneos iphonesimulator macosx";
				SWIFT_EMIT_LOC_STRINGS = NO;
				SWIFT_VERSION = 5.0;
				TARGETED_DEVICE_FAMILY = "1,2";
				TEST_TARGET_NAME = "running pace calculator";
			};
			name = Release;
		};
/* End XCBuildConfiguration section */

/* Begin XCConfigurationList section */
		3C6D59AD294EEB5F00AF98C0 /* Build configuration list for PBXProject "running pace calculator" */ = {
			isa = XCConfigurationList;
			buildConfigurations = (
				3C6D59D5294EEB6000AF98C0 /* Debug */,
				3C6D59D6294EEB6000AF98C0 /* Release */,
			);
			defaultConfigurationIsVisible = 0;
			defaultConfigurationName = Release;
		};
		3C6D59D7294EEB6000AF98C0 /* Build configuration list for PBXNativeTarget "running pace calculator" */ = {
			isa = XCConfigurationList;
			buildConfigurations = (
				3C6D59D8294EEB6000AF98C0 /* Debug */,
				3C6D59D9294EEB6000AF98C0 /* Release */,
			);
			defaultConfigurationIsVisible = 0;
			defaultConfigurationName = Release;
		};
		3C6D59DA294EEB6000AF98C0 /* Build configuration list for PBXNativeTarget "running pace calculatorTests" */ = {
			isa = XCConfigurationList;
			buildConfigurations = (
				3C6D59DB294EEB6000AF98C0 /* Debug */,
				3C6D59DC294EEB6000AF98C0 /* Release */,
			);
			defaultConfigurationIsVisible = 0;
			defaultConfigurationName = Release;
		};
		3C6D59DD294EEB6000AF98C0 /* Build configuration list for PBXNativeTarget "running pace calculatorUITests" */ = {
			isa = XCConfigurationList;
			buildConfigurations = (
				3C6D59DE294EEB6000AF98C0 /* Debug */,
				3C6D59DF294EEB6000AF98C0 /* Release */,
			);
			defaultConfigurationIsVisible = 0;
			defaultConfigurationName = Release;
		};
/* End XCConfigurationList section */
	};
	rootObject = 3C6D59AA294EEB5F00AF98C0 /* Project object */;
}
